
Microsoft Visual Studio Solution File, Format Version 12.00
# Visual Studio 15
Project("{FAE04EC0-301F-11D3-BF4B-00C04F79EFBC}") = "AstarPathfindingProject", "AstarPathfindingProject.csproj", "{AF0685D9-FDAE-79E7-AFAC-52A9926535E1}"
EndProject
Project("{FAE04EC0-301F-11D3-BF4B-00C04F79EFBC}") = "Assembly-CSharp", "Assembly-CSharp.csproj", "{93D3053E-41CB-B3CB-A2B3-93597FFF25C8}"
EndProject
Project("{FAE04EC0-301F-11D3-BF4B-00C04F79EFBC}") = "AstarPathfindingProjectEditor", "AstarPathfindingProjectEditor.csproj", "{C587589D-30DC-71E3-7AFA-EF403F8364F7}"
EndProject
Project("{FAE04EC0-301F-11D3-BF4B-00C04F79EFBC}") = "PackageToolsEditor", "PackageToolsEditor.csproj", "{05711BF4-8512-9120-9DC1-9501957AEA0F}"
EndProject
Global
	GlobalSection(SolutionConfigurationPlatforms) = preSolution
		Debug|Any CPU = Debug|Any CPU
		Release|Any CPU = Release|Any CPU
	EndGlobalSection
	GlobalSection(ProjectConfigurationPlatforms) = postSolution
		{AF0685D9-FDAE-79E7-AFAC-52A9926535E1}.Debug|Any CPU.ActiveCfg = Debug|Any CPU
		{AF0685D9-FDAE-79E7-AFAC-52A9926535E1}.Debug|Any CPU.Build.0 = Debug|Any CPU
		{AF0685D9-FDAE-79E7-AFAC-52A9926535E1}.Release|Any CPU.ActiveCfg = Release|Any CPU
		{AF0685D9-FDAE-79E7-AFAC-52A9926535E1}.Release|Any CPU.Build.0 = Release|Any CPU
		{93D3053E-41CB-B3CB-A2B3-93597FFF25C8}.Debug|Any CPU.ActiveCfg = Debug|Any CPU
		{93D3053E-41CB-B3CB-A2B3-93597FFF25C8}.Debug|Any CPU.Build.0 = Debug|Any CPU
		{93D3053E-41CB-B3CB-A2B3-93597FFF25C8}.Release|Any CPU.ActiveCfg = Release|Any CPU
		{93D3053E-41CB-B3CB-A2B3-93597FFF25C8}.Release|Any CPU.Build.0 = Release|Any CPU
		{C587589D-30DC-71E3-7AFA-EF403F8364F7}.Debug|Any CPU.ActiveCfg = Debug|Any CPU
		{C587589D-30DC-71E3-7AFA-EF403F8364F7}.Debug|Any CPU.Build.0 = Debug|Any CPU
		{C587589D-30DC-71E3-7AFA-EF403F8364F7}.Release|Any CPU.ActiveCfg = Release|Any CPU
		{C587589D-30DC-71E3-7AFA-EF403F8364F7}.Release|Any CPU.Build.0 = Release|Any CPU
		{05711BF4-8512-9120-9DC1-9501957AEA0F}.Debug|Any CPU.ActiveCfg = Debug|Any CPU
		{05711BF4-8512-9120-9DC1-9501957AEA0F}.Debug|Any CPU.Build.0 = Debug|Any CPU
		{05711BF4-8512-9120-9DC1-9501957AEA0F}.Release|Any CPU.ActiveCfg = Release|Any CPU
		{05711BF4-8512-9120-9DC1-9501957AEA0F}.Release|Any CPU.Build.0 = Release|Any CPU
	EndGlobalSection
	GlobalSection(SolutionProperties) = preSolution
		HideSolutionNode = FALSE
	EndGlobalSection
EndGlobal
